
Microsoft Visual Studio Solution File, Format Version 12.00
Project("{FAE04EC0-301F-11D3-BF4B-00C04F79EFBC}") = "Battleships.Core", "Battleships.Core\Battleships.Core.csproj", "{2A2E4D0D-7F30-4CC3-84DA-CE4B0F297CB7}"
EndProject
Project("{FAE04EC0-301F-11D3-BF4B-00C04F79EFBC}") = "Battleships.Blazor", "Battleships.Blazor\Battleships.Blazor.csproj", "{1EBEDD1B-F1C7-48E8-9BF4-824ABAC3F789}"
EndProject
Project("{FAE04EC0-301F-11D3-BF4B-00C04F79EFBC}") = "Battleships.Tests", "Battleships.Tests\Battleships.Tests.csproj", "{CD899DD2-67BF-484E-887F-4EFB4482AC85}"
EndProject
Global
	GlobalSection(SolutionConfigurationPlatforms) = preSolution
		Debug|Any CPU = Debug|Any CPU
		Release|Any CPU = Release|Any CPU
	EndGlobalSection
	GlobalSection(ProjectConfigurationPlatforms) = postSolution
		{2A2E4D0D-7F30-4CC3-84DA-CE4B0F297CB7}.Debug|Any CPU.ActiveCfg = Debug|Any CPU
		{2A2E4D0D-7F30-4CC3-84DA-CE4B0F297CB7}.Debug|Any CPU.Build.0 = Debug|Any CPU
		{2A2E4D0D-7F30-4CC3-84DA-CE4B0F297CB7}.Release|Any CPU.ActiveCfg = Release|Any CPU
		{2A2E4D0D-7F30-4CC3-84DA-CE4B0F297CB7}.Release|Any CPU.Build.0 = Release|Any CPU
		{1EBEDD1B-F1C7-48E8-9BF4-824ABAC3F789}.Debug|Any CPU.ActiveCfg = Debug|Any CPU
		{1EBEDD1B-F1C7-48E8-9BF4-824ABAC3F789}.Debug|Any CPU.Build.0 = Debug|Any CPU
		{1EBEDD1B-F1C7-48E8-9BF4-824ABAC3F789}.Release|Any CPU.ActiveCfg = Release|Any CPU
		{1EBEDD1B-F1C7-48E8-9BF4-824ABAC3F789}.Release|Any CPU.Build.0 = Release|Any CPU
		{CD899DD2-67BF-484E-887F-4EFB4482AC85}.Debug|Any CPU.ActiveCfg = Debug|Any CPU
		{CD899DD2-67BF-484E-887F-4EFB4482AC85}.Debug|Any CPU.Build.0 = Debug|Any CPU
		{CD899DD2-67BF-484E-887F-4EFB4482AC85}.Release|Any CPU.ActiveCfg = Release|Any CPU
		{CD899DD2-67BF-484E-887F-4EFB4482AC85}.Release|Any CPU.Build.0 = Release|Any CPU
	EndGlobalSection
EndGlobal
